
Microsoft Visual Studio Solution File, Format Version 12.00
# Visual Studio 15
Project("{FAE04EC0-301F-11D3-BF4B-00C04F79EFBC}") = "Assembly-CSharp", "Assembly-CSharp.csproj", "{8E9DFE41-59CD-54DB-5BCE-67112085CEC4}"
EndProject
Project("{FAE04EC0-301F-11D3-BF4B-00C04F79EFBC}") = "Unity.XR.Interaction.Toolkit.Samples.StarterAssets", "Unity.XR.Interaction.Toolkit.Samples.StarterAssets.csproj", "{8D434A8D-A0E2-EAE5-5766-1E28556133CA}"
EndProject
Project("{FAE04EC0-301F-11D3-BF4B-00C04F79EFBC}") = "Unity.XR.Management.Samples", "Unity.XR.Management.Samples.csproj", "{1845EF57-51D2-A6A5-230D-E4DEA6F5DD94}"
EndProject
Project("{FAE04EC0-301F-11D3-BF4B-00C04F79EFBC}") = "Unity.XR.Management.Samples.Editor", "Unity.XR.Management.Samples.Editor.csproj", "{3DF6FAC7-FADC-AAD8-B09E-FA57B63FF2BC}"
EndProject
Global
	GlobalSection(SolutionConfigurationPlatforms) = preSolution
		Debug|Any CPU = Debug|Any CPU
		Release|Any CPU = Release|Any CPU
	EndGlobalSection
	GlobalSection(ProjectConfigurationPlatforms) = postSolution
		{8E9DFE41-59CD-54DB-5BCE-67112085CEC4}.Debug|Any CPU.ActiveCfg = Debug|Any CPU
		{8E9DFE41-59CD-54DB-5BCE-67112085CEC4}.Debug|Any CPU.Build.0 = Debug|Any CPU
		{8E9DFE41-59CD-54DB-5BCE-67112085CEC4}.Release|Any CPU.ActiveCfg = Release|Any CPU
		{8E9DFE41-59CD-54DB-5BCE-67112085CEC4}.Release|Any CPU.Build.0 = Release|Any CPU
		{8D434A8D-A0E2-EAE5-5766-1E28556133CA}.Debug|Any CPU.ActiveCfg = Debug|Any CPU
		{8D434A8D-A0E2-EAE5-5766-1E28556133CA}.Debug|Any CPU.Build.0 = Debug|Any CPU
		{8D434A8D-A0E2-EAE5-5766-1E28556133CA}.Release|Any CPU.ActiveCfg = Release|Any CPU
		{8D434A8D-A0E2-EAE5-5766-1E28556133CA}.Release|Any CPU.Build.0 = Release|Any CPU
		{1845EF57-51D2-A6A5-230D-E4DEA6F5DD94}.Debug|Any CPU.ActiveCfg = Debug|Any CPU
		{1845EF57-51D2-A6A5-230D-E4DEA6F5DD94}.Debug|Any CPU.Build.0 = Debug|Any CPU
		{1845EF57-51D2-A6A5-230D-E4DEA6F5DD94}.Release|Any CPU.ActiveCfg = Release|Any CPU
		{1845EF57-51D2-A6A5-230D-E4DEA6F5DD94}.Release|Any CPU.Build.0 = Release|Any CPU
		{3DF6FAC7-FADC-AAD8-B09E-FA57B63FF2BC}.Debug|Any CPU.ActiveCfg = Debug|Any CPU
		{3DF6FAC7-FADC-AAD8-B09E-FA57B63FF2BC}.Debug|Any CPU.Build.0 = Debug|Any CPU
		{3DF6FAC7-FADC-AAD8-B09E-FA57B63FF2BC}.Release|Any CPU.ActiveCfg = Release|Any CPU
		{3DF6FAC7-FADC-AAD8-B09E-FA57B63FF2BC}.Release|Any CPU.Build.0 = Release|Any CPU
	EndGlobalSection
	GlobalSection(SolutionProperties) = preSolution
		HideSolutionNode = FALSE
	EndGlobalSection
EndGlobal
